
Microsoft Visual Studio Solution File, Format Version 12.00
# Visual Studio Version 17
VisualStudioVersion = 17.5.33424.131
MinimumVisualStudioVersion = 10.0.40219.1
Project("{9A19103F-16F7-4668-BE54-9A1E7A4F7556}") = "PublisherConsole", "PublisherConsole.csproj", "{1104BEE8-8817-423E-B1E5-1BB828D591DB}"
EndProject
Project("{FAE04EC0-301F-11D3-BF4B-00C04F79EFBC}") = "PublisherDomainn", "..\PublisherDomainn\PublisherDomainn.csproj", "{078B6030-7706-44AB-A705-A0F3A5EDF18B}"
EndProject
Project("{FAE04EC0-301F-11D3-BF4B-00C04F79EFBC}") = "PublisherData", "..\PublisherData\PublisherData.csproj", "{1EF4C343-02EE-4BBB-AD2E-DA1F4741E9B3}"
EndProject
Global
	GlobalSection(SolutionConfigurationPlatforms) = preSolution
		Debug|Any CPU = Debug|Any CPU
		Release|Any CPU = Release|Any CPU
	EndGlobalSection
	GlobalSection(ProjectConfigurationPlatforms) = postSolution
		{1104BEE8-8817-423E-B1E5-1BB828D591DB}.Debug|Any CPU.ActiveCfg = Debug|Any CPU
		{1104BEE8-8817-423E-B1E5-1BB828D591DB}.Debug|Any CPU.Build.0 = Debug|Any CPU
		{1104BEE8-8817-423E-B1E5-1BB828D591DB}.Release|Any CPU.ActiveCfg = Release|Any CPU
		{1104BEE8-8817-423E-B1E5-1BB828D591DB}.Release|Any CPU.Build.0 = Release|Any CPU
		{078B6030-7706-44AB-A705-A0F3A5EDF18B}.Debug|Any CPU.ActiveCfg = Debug|Any CPU
		{078B6030-7706-44AB-A705-A0F3A5EDF18B}.Debug|Any CPU.Build.0 = Debug|Any CPU
		{078B6030-7706-44AB-A705-A0F3A5EDF18B}.Release|Any CPU.ActiveCfg = Release|Any CPU
		{078B6030-7706-44AB-A705-A0F3A5EDF18B}.Release|Any CPU.Build.0 = Release|Any CPU
		{1EF4C343-02EE-4BBB-AD2E-DA1F4741E9B3}.Debug|Any CPU.ActiveCfg = Debug|Any CPU
		{1EF4C343-02EE-4BBB-AD2E-DA1F4741E9B3}.Debug|Any CPU.Build.0 = Debug|Any CPU
		{1EF4C343-02EE-4BBB-AD2E-DA1F4741E9B3}.Release|Any CPU.ActiveCfg = Release|Any CPU
		{1EF4C343-02EE-4BBB-AD2E-DA1F4741E9B3}.Release|Any CPU.Build.0 = Release|Any CPU
	EndGlobalSection
	GlobalSection(SolutionProperties) = preSolution
		HideSolutionNode = FALSE
	EndGlobalSection
	GlobalSection(ExtensibilityGlobals) = postSolution
		SolutionGuid = {479DC437-EF6C-442A-BC30-C95683560CB3}
	EndGlobalSection
EndGlobal
